// !$*UTF8*$!
{
	archiveVersion = 1;
	classes = {
	};
	objectVersion = 46;
	objects = {

/* Begin PBXBuildFile section */
		68A3C56F16D7B7AF00E0418B /* SenTestingKit.framework in Frameworks */ = {isa = PBXBuildFile; fileRef = 68A3C56E16D7B7AF00E0418B /* SenTestingKit.framework */; };
		68A3C57016D7B7AF00E0418B /* Cocoa.framework in Frameworks */ = {isa = PBXBuildFile; fileRef = D83B92E9159381850004468B /* Cocoa.framework */; };
		68A3C57616D7B7AF00E0418B /* InfoPlist.strings in Resources */ = {isa = PBXBuildFile; fileRef = 68A3C57416D7B7AF00E0418B /* InfoPlist.strings */; };
		68A3C57916D7B7AF00E0418B /* audioDeviceTests.m in Sources */ = {isa = PBXBuildFile; fileRef = 68A3C57816D7B7AF00E0418B /* audioDeviceTests.m */; };
		68A3C58416D7C51A00E0418B /* CoreAudio.framework in Frameworks */ = {isa = PBXBuildFile; fileRef = D83B9309159381A60004468B /* CoreAudio.framework */; };
		68A3C58716D7C8F400E0418B /* BBA_AudioDeviceController.m in Sources */ = {isa = PBXBuildFile; fileRef = 68A3C58616D7C8F400E0418B /* BBA_AudioDeviceController.m */; };
		68A3C58816D7C8F400E0418B /* BBA_AudioDeviceController.m in Sources */ = {isa = PBXBuildFile; fileRef = 68A3C58616D7C8F400E0418B /* BBA_AudioDeviceController.m */; };
		68CEF58B16D8D86E00E41E25 /* BBA_AudioDevice.m in Sources */ = {isa = PBXBuildFile; fileRef = 68CEF58A16D8D86E00E41E25 /* BBA_AudioDevice.m */; };
		68CEF58C16D8DD3800E41E25 /* BBA_AudioDevice.m in Sources */ = {isa = PBXBuildFile; fileRef = 68CEF58A16D8D86E00E41E25 /* BBA_AudioDevice.m */; };
		D83B92EA159381850004468B /* Cocoa.framework in Frameworks */ = {isa = PBXBuildFile; fileRef = D83B92E9159381850004468B /* Cocoa.framework */; };
		D83B92F4159381850004468B /* InfoPlist.strings in Resources */ = {isa = PBXBuildFile; fileRef = D83B92F2159381850004468B /* InfoPlist.strings */; };
		D83B92F6159381850004468B /* main.m in Sources */ = {isa = PBXBuildFile; fileRef = D83B92F5159381850004468B /* main.m */; };
		D83B92FA159381850004468B /* Credits.rtf in Resources */ = {isa = PBXBuildFile; fileRef = D83B92F8159381850004468B /* Credits.rtf */; };
		D83B92FD159381860004468B /* BBA_AppDelegate.m in Sources */ = {isa = PBXBuildFile; fileRef = D83B92FC159381860004468B /* BBA_AppDelegate.m */; };
		D83B9300159381860004468B /* MainMenu.xib in Resources */ = {isa = PBXBuildFile; fileRef = D83B92FE159381860004468B /* MainMenu.xib */; };
		D83B9308159381980004468B /* BBA_AppController.m in Sources */ = {isa = PBXBuildFile; fileRef = D83B9307159381980004468B /* BBA_AppController.m */; };
		D83B930A159381A60004468B /* CoreAudio.framework in Frameworks */ = {isa = PBXBuildFile; fileRef = D83B9309159381A60004468B /* CoreAudio.framework */; };
		D83B9316159385A70004468B /* Preferences.xib in Resources */ = {isa = PBXBuildFile; fileRef = D83B9315159385A70004468B /* Preferences.xib */; };
		D83B93191593898E0004468B /* BBA_PreferenceController.m in Sources */ = {isa = PBXBuildFile; fileRef = D83B93181593898E0004468B /* BBA_PreferenceController.m */; };
		D8C327B616D7CAA800F08271 /* BBA_DefaultsController.m in Sources */ = {isa = PBXBuildFile; fileRef = D8C327B516D7CAA800F08271 /* BBA_DefaultsController.m */; };
		D8D3B30A15949C2500C7F3EE /* Icon.icns in Resources */ = {isa = PBXBuildFile; fileRef = D8D3B30915949C2500C7F3EE /* Icon.icns */; };
		D8D3B30E15949ED000C7F3EE /* StatusIcon.png in Resources */ = {isa = PBXBuildFile; fileRef = D8D3B30D15949ED000C7F3EE /* StatusIcon.png */; };
/* End PBXBuildFile section */

/* Begin PBXFileReference section */
		68A3C56D16D7B7AF00E0418B /* audioDevicesTests.octest */ = {isa = PBXFileReference; explicitFileType = wrapper.cfbundle; includeInIndex = 0; path = audioDevicesTests.octest; sourceTree = BUILT_PRODUCTS_DIR; };
		68A3C56E16D7B7AF00E0418B /* SenTestingKit.framework */ = {isa = PBXFileReference; lastKnownFileType = wrapper.framework; name = SenTestingKit.framework; path = Library/Frameworks/SenTestingKit.framework; sourceTree = DEVELOPER_DIR; };
		68A3C57316D7B7AF00E0418B /* audioDevicesTests-Info.plist */ = {isa = PBXFileReference; lastKnownFileType = text.plist.xml; path = "audioDevicesTests-Info.plist"; sourceTree = "<group>"; };
		68A3C57516D7B7AF00E0418B /* en */ = {isa = PBXFileReference; lastKnownFileType = text.plist.strings; name = en; path = en.lproj/InfoPlist.strings; sourceTree = "<group>"; };
		68A3C57716D7B7AF00E0418B /* audioDeviceTests.h */ = {isa = PBXFileReference; lastKnownFileType = sourcecode.c.h; path = audioDeviceTests.h; sourceTree = "<group>"; };
		68A3C57816D7B7AF00E0418B /* audioDeviceTests.m */ = {isa = PBXFileReference; lastKnownFileType = sourcecode.c.objc; path = audioDeviceTests.m; sourceTree = "<group>"; };
		68A3C57A16D7B7AF00E0418B /* audioDevicesTests-Prefix.pch */ = {isa = PBXFileReference; lastKnownFileType = sourcecode.c.h; path = "audioDevicesTests-Prefix.pch"; sourceTree = "<group>"; };
		68A3C58516D7C8F400E0418B /* BBA_AudioDeviceController.h */ = {isa = PBXFileReference; fileEncoding = 4; lastKnownFileType = sourcecode.c.h; path = BBA_AudioDeviceController.h; sourceTree = "<group>"; };
		68A3C58616D7C8F400E0418B /* BBA_AudioDeviceController.m */ = {isa = PBXFileReference; fileEncoding = 4; lastKnownFileType = sourcecode.c.objc; path = BBA_AudioDeviceController.m; sourceTree = "<group>"; };
		68CEF58916D8D86E00E41E25 /* BBA_AudioDevice.h */ = {isa = PBXFileReference; fileEncoding = 4; lastKnownFileType = sourcecode.c.h; path = BBA_AudioDevice.h; sourceTree = "<group>"; };
		68CEF58A16D8D86E00E41E25 /* BBA_AudioDevice.m */ = {isa = PBXFileReference; fileEncoding = 4; lastKnownFileType = sourcecode.c.objc; path = BBA_AudioDevice.m; sourceTree = "<group>"; };
		D83B92E5159381850004468B /* Silencer.app */ = {isa = PBXFileReference; explicitFileType = wrapper.application; includeInIndex = 0; path = Silencer.app; sourceTree = BUILT_PRODUCTS_DIR; };
		D83B92E9159381850004468B /* Cocoa.framework */ = {isa = PBXFileReference; lastKnownFileType = wrapper.framework; name = Cocoa.framework; path = System/Library/Frameworks/Cocoa.framework; sourceTree = SDKROOT; };
		D83B92EC159381850004468B /* AppKit.framework */ = {isa = PBXFileReference; lastKnownFileType = wrapper.framework; name = AppKit.framework; path = System/Library/Frameworks/AppKit.framework; sourceTree = SDKROOT; };
		D83B92ED159381850004468B /* CoreData.framework */ = {isa = PBXFileReference; lastKnownFileType = wrapper.framework; name = CoreData.framework; path = System/Library/Frameworks/CoreData.framework; sourceTree = SDKROOT; };
		D83B92EE159381850004468B /* Foundation.framework */ = {isa = PBXFileReference; lastKnownFileType = wrapper.framework; name = Foundation.framework; path = System/Library/Frameworks/Foundation.framework; sourceTree = SDKROOT; };
		D83B92F1159381850004468B /* Silencer-Info.plist */ = {isa = PBXFileReference; lastKnownFileType = text.plist.xml; path = "Silencer-Info.plist"; sourceTree = "<group>"; };
		D83B92F3159381850004468B /* en */ = {isa = PBXFileReference; lastKnownFileType = text.plist.strings; name = en; path = en.lproj/InfoPlist.strings; sourceTree = "<group>"; };
		D83B92F5159381850004468B /* main.m */ = {isa = PBXFileReference; lastKnownFileType = sourcecode.c.objc; path = main.m; sourceTree = "<group>"; };
		D83B92F7159381850004468B /* Silencer-Prefix.pch */ = {isa = PBXFileReference; lastKnownFileType = sourcecode.c.h; path = "Silencer-Prefix.pch"; sourceTree = "<group>"; };
		D83B92F9159381850004468B /* en */ = {isa = PBXFileReference; lastKnownFileType = text.rtf; name = en; path = en.lproj/Credits.rtf; sourceTree = "<group>"; };
		D83B92FB159381850004468B /* BBA_AppDelegate.h */ = {isa = PBXFileReference; lastKnownFileType = sourcecode.c.h; path = BBA_AppDelegate.h; sourceTree = "<group>"; };
		D83B92FC159381860004468B /* BBA_AppDelegate.m */ = {isa = PBXFileReference; lastKnownFileType = sourcecode.c.objc; path = BBA_AppDelegate.m; sourceTree = "<group>"; };
		D83B92FF159381860004468B /* en */ = {isa = PBXFileReference; lastKnownFileType = file.xib; name = en; path = en.lproj/MainMenu.xib; sourceTree = "<group>"; };
		D83B9306159381980004468B /* BBA_AppController.h */ = {isa = PBXFileReference; fileEncoding = 4; lastKnownFileType = sourcecode.c.h; path = BBA_AppController.h; sourceTree = "<group>"; };
		D83B9307159381980004468B /* BBA_AppController.m */ = {isa = PBXFileReference; fileEncoding = 4; lastKnownFileType = sourcecode.c.objc; path = BBA_AppController.m; sourceTree = "<group>"; };
		D83B9309159381A60004468B /* CoreAudio.framework */ = {isa = PBXFileReference; lastKnownFileType = wrapper.framework; name = CoreAudio.framework; path = System/Library/Frameworks/CoreAudio.framework; sourceTree = SDKROOT; };
		D83B9315159385A70004468B /* Preferences.xib */ = {isa = PBXFileReference; fileEncoding = 4; lastKnownFileType = file.xib; name = Preferences.xib; path = ../Preferences.xib; sourceTree = "<group>"; };
		D83B93171593898E0004468B /* BBA_PreferenceController.h */ = {isa = PBXFileReference; fileEncoding = 4; lastKnownFileType = sourcecode.c.h; name = BBA_PreferenceController.h; path = ../BBA_PreferenceController.h; sourceTree = "<group>"; };
		D83B93181593898E0004468B /* BBA_PreferenceController.m */ = {isa = PBXFileReference; fileEncoding = 4; lastKnownFileType = sourcecode.c.objc; name = BBA_PreferenceController.m; path = ../BBA_PreferenceController.m; sourceTree = "<group>"; };
		D8C327B416D7CAA800F08271 /* BBA_DefaultsController.h */ = {isa = PBXFileReference; fileEncoding = 4; lastKnownFileType = sourcecode.c.h; path = BBA_DefaultsController.h; sourceTree = "<group>"; };
		D8C327B516D7CAA800F08271 /* BBA_DefaultsController.m */ = {isa = PBXFileReference; fileEncoding = 4; lastKnownFileType = sourcecode.c.objc; path = BBA_DefaultsController.m; sourceTree = "<group>"; };
		D8D3B30915949C2500C7F3EE /* Icon.icns */ = {isa = PBXFileReference; lastKnownFileType = image.icns; name = Icon.icns; path = ../Icon.icns; sourceTree = "<group>"; };
		D8D3B30D15949ED000C7F3EE /* StatusIcon.png */ = {isa = PBXFileReference; lastKnownFileType = image.png; path = StatusIcon.png; sourceTree = "<group>"; };
		D8D3B3131594F22900C7F3EE /* Silencer.entitlements */ = {isa = PBXFileReference; lastKnownFileType = text.xml; path = Silencer.entitlements; sourceTree = "<group>"; };
/* End PBXFileReference section */

/* Begin PBXFrameworksBuildPhase section */
		68A3C56916D7B7AF00E0418B /* Frameworks */ = {
			isa = PBXFrameworksBuildPhase;
			buildActionMask = 2147483647;
			files = (
				68A3C58416D7C51A00E0418B /* CoreAudio.framework in Frameworks */,
				68A3C56F16D7B7AF00E0418B /* SenTestingKit.framework in Frameworks */,
				68A3C57016D7B7AF00E0418B /* Cocoa.framework in Frameworks */,
			);
			runOnlyForDeploymentPostprocessing = 0;
		};
		D83B92E2159381850004468B /* Frameworks */ = {
			isa = PBXFrameworksBuildPhase;
			buildActionMask = 2147483647;
			files = (
				D83B930A159381A60004468B /* CoreAudio.framework in Frameworks */,
				D83B92EA159381850004468B /* Cocoa.framework in Frameworks */,
			);
			runOnlyForDeploymentPostprocessing = 0;
		};
/* End PBXFrameworksBuildPhase section */

/* Begin PBXGroup section */
		68A3C56616D7B75800E0418B /* testing */ = {
			isa = PBXGroup;
			children = (
				68A3C56716D7B75E00E0418B /* audio */,
			);
			name = testing;
			sourceTree = "<group>";
		};
		68A3C56716D7B75E00E0418B /* audio */ = {
			isa = PBXGroup;
			children = (
				68A3C57116D7B7AF00E0418B /* audioDevicesTests */,
			);
			name = audio;
			sourceTree = "<group>";
		};
		68A3C57116D7B7AF00E0418B /* audioDevicesTests */ = {
			isa = PBXGroup;
			children = (
				68A3C57716D7B7AF00E0418B /* audioDeviceTests.h */,
				68A3C57816D7B7AF00E0418B /* audioDeviceTests.m */,
				68A3C57216D7B7AF00E0418B /* Supporting Files */,
			);
			name = audioDevicesTests;
			path = ../audioDevicesTests;
			sourceTree = "<group>";
		};
		68A3C57216D7B7AF00E0418B /* Supporting Files */ = {
			isa = PBXGroup;
			children = (
				68A3C57316D7B7AF00E0418B /* audioDevicesTests-Info.plist */,
				68A3C57416D7B7AF00E0418B /* InfoPlist.strings */,
				68A3C57A16D7B7AF00E0418B /* audioDevicesTests-Prefix.pch */,
			);
			name = "Supporting Files";
			sourceTree = "<group>";
		};
		68A3C57E16D7B92B00E0418B /* src */ = {
			isa = PBXGroup;
			children = (
				68A3C57F16D7B93000E0418B /* audio */,
			);
			name = src;
			sourceTree = "<group>";
		};
		68A3C57F16D7B93000E0418B /* audio */ = {
			isa = PBXGroup;
			children = (
				68A3C58516D7C8F400E0418B /* BBA_AudioDeviceController.h */,
				68A3C58616D7C8F400E0418B /* BBA_AudioDeviceController.m */,
				68CEF58916D8D86E00E41E25 /* BBA_AudioDevice.h */,
				68CEF58A16D8D86E00E41E25 /* BBA_AudioDevice.m */,
			);
			name = audio;
			sourceTree = "<group>";
		};
		D83B92DA159381850004468B = {
			isa = PBXGroup;
			children = (
				D8D3B3131594F22900C7F3EE /* Silencer.entitlements */,
				D83B9309159381A60004468B /* CoreAudio.framework */,
				D83B92EF159381850004468B /* Silent */,
				D83B92E8159381850004468B /* Frameworks */,
				D83B92E6159381850004468B /* Products */,
			);
			sourceTree = "<group>";
		};
		D83B92E6159381850004468B /* Products */ = {
			isa = PBXGroup;
			children = (
				D83B92E5159381850004468B /* Silencer.app */,
				68A3C56D16D7B7AF00E0418B /* audioDevicesTests.octest */,
			);
			name = Products;
			sourceTree = "<group>";
		};
		D83B92E8159381850004468B /* Frameworks */ = {
			isa = PBXGroup;
			children = (
				D83B92E9159381850004468B /* Cocoa.framework */,
				68A3C56E16D7B7AF00E0418B /* SenTestingKit.framework */,
				D83B92EB159381850004468B /* Other Frameworks */,
			);
			name = Frameworks;
			sourceTree = "<group>";
		};
		D83B92EB159381850004468B /* Other Frameworks */ = {
			isa = PBXGroup;
			children = (
				D83B92EC159381850004468B /* AppKit.framework */,
				D83B92ED159381850004468B /* CoreData.framework */,
				D83B92EE159381850004468B /* Foundation.framework */,
			);
			name = "Other Frameworks";
			sourceTree = "<group>";
		};
		D83B92EF159381850004468B /* Silent */ = {
			isa = PBXGroup;
			children = (
				68A3C57E16D7B92B00E0418B /* src */,
				68A3C56616D7B75800E0418B /* testing */,
				D83B93171593898E0004468B /* BBA_PreferenceController.h */,
				D83B93181593898E0004468B /* BBA_PreferenceController.m */,
				D8C327B416D7CAA800F08271 /* BBA_DefaultsController.h */,
				D8C327B516D7CAA800F08271 /* BBA_DefaultsController.m */,
				D83B9315159385A70004468B /* Preferences.xib */,
				D83B9306159381980004468B /* BBA_AppController.h */,
				D83B9307159381980004468B /* BBA_AppController.m */,
				D83B92FB159381850004468B /* BBA_AppDelegate.h */,
				D83B92FC159381860004468B /* BBA_AppDelegate.m */,
				D83B92FE159381860004468B /* MainMenu.xib */,
				D83B92F0159381850004468B /* Supporting Files */,
			);
			path = Silent;
			sourceTree = "<group>";
		};
		D83B92F0159381850004468B /* Supporting Files */ = {
			isa = PBXGroup;
			children = (
				D8D3B30D15949ED000C7F3EE /* StatusIcon.png */,
				D8D3B30915949C2500C7F3EE /* Icon.icns */,
				D83B92F1159381850004468B /* Silencer-Info.plist */,
				D83B92F2159381850004468B /* InfoPlist.strings */,
				D83B92F5159381850004468B /* main.m */,
				D83B92F7159381850004468B /* Silencer-Prefix.pch */,
				D83B92F8159381850004468B /* Credits.rtf */,
			);
			name = "Supporting Files";
			sourceTree = "<group>";
		};
/* End PBXGroup section */

/* Begin PBXNativeTarget section */
		68A3C56C16D7B7AF00E0418B /* audioDevicesTests */ = {
			isa = PBXNativeTarget;
			buildConfigurationList = 68A3C57B16D7B7AF00E0418B /* Build configuration list for PBXNativeTarget "audioDevicesTests" */;
			buildPhases = (
				68A3C56816D7B7AF00E0418B /* Sources */,
				68A3C56916D7B7AF00E0418B /* Frameworks */,
				68A3C56A16D7B7AF00E0418B /* Resources */,
				68A3C56B16D7B7AF00E0418B /* ShellScript */,
			);
			buildRules = (
			);
			dependencies = (
			);
			name = audioDevicesTests;
			productName = audioDevicesTests;
			productReference = 68A3C56D16D7B7AF00E0418B /* audioDevicesTests.octest */;
			productType = "com.apple.product-type.bundle";
		};
		D83B92E4159381850004468B /* Silencer */ = {
			isa = PBXNativeTarget;
			buildConfigurationList = D83B9303159381860004468B /* Build configuration list for PBXNativeTarget "Silencer" */;
			buildPhases = (
				D83B92E1159381850004468B /* Sources */,
				D83B92E2159381850004468B /* Frameworks */,
				D83B92E3159381850004468B /* Resources */,
			);
			buildRules = (
			);
			dependencies = (
			);
			name = Silencer;
			productName = Silent;
			productReference = D83B92E5159381850004468B /* Silencer.app */;
			productType = "com.apple.product-type.application";
		};
/* End PBXNativeTarget section */

/* Begin PBXProject section */
		D83B92DC159381850004468B /* Project object */ = {
			isa = PBXProject;
			attributes = {
				CLASSPREFIX = BBA_;
				LastUpgradeCheck = 0440;
				ORGANIZATIONNAME = "Bluebird Apps";
			};
			buildConfigurationList = D83B92DF159381850004468B /* Build configuration list for PBXProject "Silencer" */;
			compatibilityVersion = "Xcode 3.2";
			developmentRegion = English;
			hasScannedForEncodings = 0;
			knownRegions = (
				en,
			);
			mainGroup = D83B92DA159381850004468B;
			productRefGroup = D83B92E6159381850004468B /* Products */;
			projectDirPath = "";
			projectRoot = "";
			targets = (
				D83B92E4159381850004468B /* Silencer */,
				68A3C56C16D7B7AF00E0418B /* audioDevicesTests */,
			);
		};
/* End PBXProject section */

/* Begin PBXResourcesBuildPhase section */
		68A3C56A16D7B7AF00E0418B /* Resources */ = {
			isa = PBXResourcesBuildPhase;
			buildActionMask = 2147483647;
			files = (
				68A3C57616D7B7AF00E0418B /* InfoPlist.strings in Resources */,
			);
			runOnlyForDeploymentPostprocessing = 0;
		};
		D83B92E3159381850004468B /* Resources */ = {
			isa = PBXResourcesBuildPhase;
			buildActionMask = 2147483647;
			files = (
				D83B92F4159381850004468B /* InfoPlist.strings in Resources */,
				D83B92FA159381850004468B /* Credits.rtf in Resources */,
				D83B9300159381860004468B /* MainMenu.xib in Resources */,
				D83B9316159385A70004468B /* Preferences.xib in Resources */,
				D8D3B30A15949C2500C7F3EE /* Icon.icns in Resources */,
				D8D3B30E15949ED000C7F3EE /* StatusIcon.png in Resources */,
			);
			runOnlyForDeploymentPostprocessing = 0;
		};
/* End PBXResourcesBuildPhase section */

/* Begin PBXShellScriptBuildPhase section */
		68A3C56B16D7B7AF00E0418B /* ShellScript */ = {
			isa = PBXShellScriptBuildPhase;
			buildActionMask = 2147483647;
			files = (
			);
			inputPaths = (
			);
			outputPaths = (
			);
			runOnlyForDeploymentPostprocessing = 0;
			shellPath = /bin/sh;
			shellScript = "# Run the unit tests in this test bundle.\n\"${SYSTEM_DEVELOPER_DIR}/Tools/RunUnitTests\"\n";
		};
/* End PBXShellScriptBuildPhase section */

/* Begin PBXSourcesBuildPhase section */
		68A3C56816D7B7AF00E0418B /* Sources */ = {
			isa = PBXSourcesBuildPhase;
			buildActionMask = 2147483647;
			files = (
				68A3C57916D7B7AF00E0418B /* audioDeviceTests.m in Sources */,
				68A3C58816D7C8F400E0418B /* BBA_AudioDeviceController.m in Sources */,
				68CEF58C16D8DD3800E41E25 /* BBA_AudioDevice.m in Sources */,
			);
			runOnlyForDeploymentPostprocessing = 0;
		};
		D83B92E1159381850004468B /* Sources */ = {
			isa = PBXSourcesBuildPhase;
			buildActionMask = 2147483647;
			files = (
				D83B92F6159381850004468B /* main.m in Sources */,
				D83B92FD159381860004468B /* BBA_AppDelegate.m in Sources */,
				D83B9308159381980004468B /* BBA_AppController.m in Sources */,
				D83B93191593898E0004468B /* BBA_PreferenceController.m in Sources */,
<<<<<<< HEAD
				D8D3B3031593C2CC00C7F3EE /* LaunchAtLoginController.m in Sources */,
				68A3C58716D7C8F400E0418B /* BBA_AudioDeviceController.m in Sources */,
				68CEF58B16D8D86E00E41E25 /* BBA_AudioDevice.m in Sources */,
=======
				D8C327B616D7CAA800F08271 /* BBA_DefaultsController.m in Sources */,
>>>>>>> feature_preferences
			);
			runOnlyForDeploymentPostprocessing = 0;
		};
/* End PBXSourcesBuildPhase section */

/* Begin PBXVariantGroup section */
		68A3C57416D7B7AF00E0418B /* InfoPlist.strings */ = {
			isa = PBXVariantGroup;
			children = (
				68A3C57516D7B7AF00E0418B /* en */,
			);
			name = InfoPlist.strings;
			sourceTree = "<group>";
		};
		D83B92F2159381850004468B /* InfoPlist.strings */ = {
			isa = PBXVariantGroup;
			children = (
				D83B92F3159381850004468B /* en */,
			);
			name = InfoPlist.strings;
			sourceTree = "<group>";
		};
		D83B92F8159381850004468B /* Credits.rtf */ = {
			isa = PBXVariantGroup;
			children = (
				D83B92F9159381850004468B /* en */,
			);
			name = Credits.rtf;
			sourceTree = "<group>";
		};
		D83B92FE159381860004468B /* MainMenu.xib */ = {
			isa = PBXVariantGroup;
			children = (
				D83B92FF159381860004468B /* en */,
			);
			name = MainMenu.xib;
			sourceTree = "<group>";
		};
/* End PBXVariantGroup section */

/* Begin XCBuildConfiguration section */
		68A3C57C16D7B7AF00E0418B /* Debug */ = {
			isa = XCBuildConfiguration;
			buildSettings = {
				CLANG_CXX_LANGUAGE_STANDARD = "gnu++0x";
				CLANG_CXX_LIBRARY = "libc++";
				CLANG_WARN_CONSTANT_CONVERSION = YES;
				CLANG_WARN_EMPTY_BODY = YES;
				CLANG_WARN_ENUM_CONVERSION = YES;
				CLANG_WARN_INT_CONVERSION = YES;
				CLANG_WARN__DUPLICATE_METHOD_MATCH = YES;
				COMBINE_HIDPI_IMAGES = YES;
				FRAMEWORK_SEARCH_PATHS = "\"$(DEVELOPER_LIBRARY_DIR)/Frameworks\"";
				GCC_PRECOMPILE_PREFIX_HEADER = YES;
				GCC_PREFIX_HEADER = "audioDevicesTests/audioDevicesTests-Prefix.pch";
				INFOPLIST_FILE = "audioDevicesTests/audioDevicesTests-Info.plist";
				MACOSX_DEPLOYMENT_TARGET = 10.8;
				PRODUCT_NAME = "$(TARGET_NAME)";
				WRAPPER_EXTENSION = octest;
			};
			name = Debug;
		};
		68A3C57D16D7B7AF00E0418B /* Release */ = {
			isa = XCBuildConfiguration;
			buildSettings = {
				CLANG_CXX_LANGUAGE_STANDARD = "gnu++0x";
				CLANG_CXX_LIBRARY = "libc++";
				CLANG_WARN_CONSTANT_CONVERSION = YES;
				CLANG_WARN_EMPTY_BODY = YES;
				CLANG_WARN_ENUM_CONVERSION = YES;
				CLANG_WARN_INT_CONVERSION = YES;
				CLANG_WARN__DUPLICATE_METHOD_MATCH = YES;
				COMBINE_HIDPI_IMAGES = YES;
				FRAMEWORK_SEARCH_PATHS = "\"$(DEVELOPER_LIBRARY_DIR)/Frameworks\"";
				GCC_PRECOMPILE_PREFIX_HEADER = YES;
				GCC_PREFIX_HEADER = "audioDevicesTests/audioDevicesTests-Prefix.pch";
				INFOPLIST_FILE = "audioDevicesTests/audioDevicesTests-Info.plist";
				MACOSX_DEPLOYMENT_TARGET = 10.8;
				PRODUCT_NAME = "$(TARGET_NAME)";
				WRAPPER_EXTENSION = octest;
			};
			name = Release;
		};
		D83B9301159381860004468B /* Debug */ = {
			isa = XCBuildConfiguration;
			buildSettings = {
				ALWAYS_SEARCH_USER_PATHS = NO;
				ARCHS = "$(ARCHS_STANDARD_64_BIT)";
				CLANG_ENABLE_OBJC_ARC = YES;
				CODE_SIGN_IDENTITY = "3rd Party Mac Developer Application: Bluebird Apps I/S";
				COPY_PHASE_STRIP = NO;
				GCC_C_LANGUAGE_STANDARD = gnu99;
				GCC_DYNAMIC_NO_PIC = NO;
				GCC_ENABLE_OBJC_EXCEPTIONS = YES;
				GCC_OPTIMIZATION_LEVEL = 0;
				GCC_PREPROCESSOR_DEFINITIONS = (
					"DEBUG=1",
					"$(inherited)",
				);
				GCC_SYMBOLS_PRIVATE_EXTERN = NO;
				GCC_VERSION = com.apple.compilers.llvm.clang.1_0;
				GCC_WARN_64_TO_32_BIT_CONVERSION = YES;
				GCC_WARN_ABOUT_RETURN_TYPE = YES;
				GCC_WARN_UNINITIALIZED_AUTOS = YES;
				GCC_WARN_UNUSED_VARIABLE = YES;
				MACOSX_DEPLOYMENT_TARGET = 10.7;
				ONLY_ACTIVE_ARCH = YES;
				PROVISIONING_PROFILE = "";
				SDKROOT = macosx;
			};
			name = Debug;
		};
		D83B9302159381860004468B /* Release */ = {
			isa = XCBuildConfiguration;
			buildSettings = {
				ALWAYS_SEARCH_USER_PATHS = NO;
				ARCHS = "$(ARCHS_STANDARD_64_BIT)";
				CLANG_ENABLE_OBJC_ARC = YES;
				CODE_SIGN_IDENTITY = "3rd Party Mac Developer Application: Bluebird Apps I/S";
				COPY_PHASE_STRIP = YES;
				DEBUG_INFORMATION_FORMAT = "dwarf-with-dsym";
				GCC_C_LANGUAGE_STANDARD = gnu99;
				GCC_ENABLE_OBJC_EXCEPTIONS = YES;
				GCC_VERSION = com.apple.compilers.llvm.clang.1_0;
				GCC_WARN_64_TO_32_BIT_CONVERSION = YES;
				GCC_WARN_ABOUT_RETURN_TYPE = YES;
				GCC_WARN_UNINITIALIZED_AUTOS = YES;
				GCC_WARN_UNUSED_VARIABLE = YES;
				MACOSX_DEPLOYMENT_TARGET = 10.7;
				PROVISIONING_PROFILE = "";
				SDKROOT = macosx;
			};
			name = Release;
		};
		D83B9304159381860004468B /* Debug */ = {
			isa = XCBuildConfiguration;
			buildSettings = {
				CODE_SIGN_ENTITLEMENTS = Silencer.entitlements;
				CODE_SIGN_IDENTITY = "3rd Party Mac Developer Application: Bluebird Apps I/S";
				COMBINE_HIDPI_IMAGES = YES;
				GCC_PRECOMPILE_PREFIX_HEADER = YES;
				GCC_PREFIX_HEADER = "Silent/Silencer-Prefix.pch";
				INFOPLIST_FILE = "Silent/Silencer-Info.plist";
				PRODUCT_NAME = Silencer;
				PROVISIONING_PROFILE = "";
				WRAPPER_EXTENSION = app;
			};
			name = Debug;
		};
		D83B9305159381860004468B /* Release */ = {
			isa = XCBuildConfiguration;
			buildSettings = {
				CODE_SIGN_ENTITLEMENTS = Silencer.entitlements;
				CODE_SIGN_IDENTITY = "3rd Party Mac Developer Application: Bluebird Apps I/S";
				COMBINE_HIDPI_IMAGES = YES;
				GCC_PRECOMPILE_PREFIX_HEADER = YES;
				GCC_PREFIX_HEADER = "Silent/Silencer-Prefix.pch";
				INFOPLIST_FILE = "Silent/Silencer-Info.plist";
				PRODUCT_NAME = Silencer;
				PROVISIONING_PROFILE = "";
				WRAPPER_EXTENSION = app;
			};
			name = Release;
		};
/* End XCBuildConfiguration section */

/* Begin XCConfigurationList section */
		68A3C57B16D7B7AF00E0418B /* Build configuration list for PBXNativeTarget "audioDevicesTests" */ = {
			isa = XCConfigurationList;
			buildConfigurations = (
				68A3C57C16D7B7AF00E0418B /* Debug */,
				68A3C57D16D7B7AF00E0418B /* Release */,
			);
			defaultConfigurationIsVisible = 0;
			defaultConfigurationName = Release;
		};
		D83B92DF159381850004468B /* Build configuration list for PBXProject "Silencer" */ = {
			isa = XCConfigurationList;
			buildConfigurations = (
				D83B9301159381860004468B /* Debug */,
				D83B9302159381860004468B /* Release */,
			);
			defaultConfigurationIsVisible = 0;
			defaultConfigurationName = Release;
		};
		D83B9303159381860004468B /* Build configuration list for PBXNativeTarget "Silencer" */ = {
			isa = XCConfigurationList;
			buildConfigurations = (
				D83B9304159381860004468B /* Debug */,
				D83B9305159381860004468B /* Release */,
			);
			defaultConfigurationIsVisible = 0;
			defaultConfigurationName = Release;
		};
/* End XCConfigurationList section */
	};
	rootObject = D83B92DC159381850004468B /* Project object */;
}
